SITE
  remote: http://community.opscode.com/api/v1
  specs:
    apache2 (1.2.0)
    apt (1.4.2)
    bluepill (1.1.0)
    build-essential (1.1.2)
    chef-client (1.2.0)
    chef-server (1.0.0)
      apache2 (>= 0.0.0)
      bluepill (>= 0.0.0)
      couchdb (>= 0.0.0)
      daemontools (>= 0.0.0)
      gecode (>= 0.0.0)
      java (>= 0.0.0)
      nginx (>= 0.0.0)
      openssl (>= 0.0.0)
      runit (>= 0.0.0)
      xml (>= 0.0.0)
      zlib (>= 0.0.0)
    couchdb (1.0.2)
      erlang (>= 0.0.0)
    daemontools (1.0.0)
      build-essential (>= 0.0.0)
      ucspi-tcp (>= 0.0.0)
    dmg (1.0.0)
    erlang (1.0.0)
      yum (>= 0.5.0)
    firewall (0.9.0)
    gecode (1.2.0)
      apt (>= 0.0.0)
      build-essential (>= 0.0.0)
    git (1.0.2)
      build-essential (>= 0.0.0)
      dmg (>= 0.0.0)
      runit (>= 0.0.0)
      yum (>= 0.0.0)
    java (1.6.0)
    mongodb (0.11.0)
      apt (>= 0.0.0)
    nginx (1.0.0)
      bluepill (>= 0.0.0)
      build-essential (>= 0.0.0)
      ohai (~> 1.0.2)
      runit (>= 0.0.0)
      yum (>= 0.0.0)
    ohai (1.0.2)
    openssl (1.0.0)
    postfix (1.2.2)
    postgresql91 (0.99.6)
      apt (>= 0.0.0)
      openssl (>= 0.0.0)
      sysctl (>= 0.0.0)
    rbenv (1.4.0)
      git (>= 0.0.0)
      ohai (~> 1.0.2)
    runit (0.15.0)
    sysctl (0.1.0)
    ucspi-tcp (1.0.0)
      build-essential (>= 0)
    ufw (0.6.1)
      firewall (>= 0.8)
    xml (1.0.4)
    yum (1.0.0)
    zlib (1.0.0)

GIT
  remote: https://github.com/jeremyolliver/cookbook-newrelic_sysmond
  ref: master
  sha: af9471e2984df87845dbc260095d8c2a462a4170
  specs:
    newrelic_sysmond (0.1.0)
      apt (= 1.4.2)

DEPENDENCIES
  apt (= 1.4.2)
  build-essential (>= 0)
  chef-client (>= 0)
  chef-server (>= 0)
  git (>= 0)
  mongodb (>= 0)
  newrelic_sysmond (>= 0)
  postfix (>= 0)
  postgresql91 (>= 0)
  rbenv (>= 0)
  ufw (>= 0)

